{
  "name": "fe_benchmark",
  "version": "1.0.0",
  "lockfileVersion": 1,
  "requires": true,
  "dependencies": {
    "cpr": {
      "version": "2.2.0",
      "resolved": "http://registry.npm.taobao.org/cpr/download/cpr-2.2.0.tgz",
      "dev": true,
      "requires": {
        "graceful-fs": "4.1.11",
        "minimist": "1.2.0",
        "mkdirp": "0.5.1",
        "rimraf": "2.6.2"
      },
      "dependencies": {
        "graceful-fs": {
          "version": "4.1.11",
          "bundled": true,
          "dev": true
        },
        "minimist": {
          "version": "1.2.0",
          "bundled": true,
          "dev": true
        },
        "mkdirp": {
          "version": "0.5.1",
          "bundled": true,
          "dev": true,
          "requires": {
            "minimist": "0.0.8"
          },
          "dependencies": {
            "minimist": {
              "version": "0.0.8",
              "bundled": true,
              "dev": true
            }
          }
        },
        "rimraf": {
          "version": "2.6.2",
          "bundled": true,
          "dev": true,
          "requires": {
            "glob": "7.1.2"
          },
          "dependencies": {
            "balanced-match": {
              "version": "1.0.0",
              "bundled": true,
              "dev": true
            },
            "brace-expansion": {
              "version": "1.1.8",
              "bundled": true,
              "dev": true,
              "requires": {
                "balanced-match": "1.0.0",
                "concat-map": "0.0.1"
              }
            },
            "concat-map": {
              "version": "0.0.1",
              "bundled": true,
              "dev": true
            },
            "fs.realpath": {
              "version": "1.0.0",
              "bundled": true,
              "dev": true
            },
            "glob": {
              "version": "7.1.2",
              "bundled": true,
              "dev": true,
              "requires": {
                "fs.realpath": "1.0.0",
                "inflight": "1.0.6",
                "inherits": "2.0.3",
                "minimatch": "3.0.4",
                "once": "1.4.0",
                "path-is-absolute": "1.0.1"
              }
            },
            "inflight": {
              "version": "1.0.6",
              "bundled": true,
              "dev": true,
              "requires": {
                "once": "1.4.0",
                "wrappy": "1.0.2"
              }
            },
            "inherits": {
              "version": "2.0.3",
              "bundled": true,
              "dev": true
            },
            "minimatch": {
              "version": "3.0.4",
              "bundled": true,
              "dev": true,
              "requires": {
                "brace-expansion": "1.1.8"
              }
            },
            "once": {
              "version": "1.4.0",
              "bundled": true,
              "dev": true,
              "requires": {
                "wrappy": "1.0.2"
              }
            },
            "path-is-absolute": {
              "version": "1.0.1",
              "bundled": true,
              "dev": true
            },
            "wrappy": {
              "version": "1.0.2",
              "bundled": true,
              "dev": true
            }
          }
        }
      }
    },
    "del-cli": {
      "version": "1.1.0",
      "resolved": "http://registry.npm.taobao.org/del-cli/download/del-cli-1.1.0.tgz",
      "dev": true,
      "requires": {
        "del": "3.0.0",
        "meow": "3.7.0",
        "update-notifier": "2.2.0"
      },
      "dependencies": {
        "del": {
          "version": "3.0.0",
          "bundled": true,
          "dev": true,
          "requires": {
            "globby": "6.1.0",
            "is-path-cwd": "1.0.0",
            "is-path-in-cwd": "1.0.0",
            "p-map": "1.2.0",
            "pify": "3.0.0",
            "rimraf": "2.6.2"
          },
          "dependencies": {
            "array-union": {
              "version": "1.0.2",
              "bundled": true,
              "dev": true,
              "requires": {
                "array-uniq": "1.0.3"
              }
            },
            "array-uniq": {
              "version": "1.0.3",
              "bundled": true,
              "dev": true
            },
            "balanced-match": {
              "version": "1.0.0",
              "bundled": true,
              "dev": true
            },
            "brace-expansion": {
              "version": "1.1.8",
              "bundled": true,
              "dev": true,
              "requires": {
                "balanced-match": "1.0.0",
                "concat-map": "0.0.1"
              }
            },
            "concat-map": {
              "version": "0.0.1",
              "bundled": true,
              "dev": true
            },
            "fs.realpath": {
              "version": "1.0.0",
              "bundled": true,
              "dev": true
            },
            "glob": {
              "version": "7.1.2",
              "bundled": true,
              "dev": true,
              "requires": {
                "fs.realpath": "1.0.0",
                "inflight": "1.0.6",
                "inherits": "2.0.3",
                "minimatch": "3.0.4",
                "once": "1.4.0",
                "path-is-absolute": "1.0.1"
              }
            },
            "globby": {
              "version": "6.1.0",
              "bundled": true,
              "dev": true,
              "requires": {
                "array-union": "1.0.2",
                "glob": "7.1.2",
                "object-assign": "4.1.1",
                "pify": "2.3.0",
                "pinkie-promise": "2.0.1"
              },
              "dependencies": {
                "pify": {
                  "version": "2.3.0",
                  "bundled": true,
                  "dev": true
                }
              }
            },
            "inflight": {
              "version": "1.0.6",
              "bundled": true,
              "dev": true,
              "requires": {
                "once": "1.4.0",
                "wrappy": "1.0.2"
              }
            },
            "inherits": {
              "version": "2.0.3",
              "bundled": true,
              "dev": true
            },
            "is-path-cwd": {
              "version": "1.0.0",
              "bundled": true,
              "dev": true
            },
            "is-path-in-cwd": {
              "version": "1.0.0",
              "bundled": true,
              "dev": true,
              "requires": {
                "is-path-inside": "1.0.0"
              }
            },
            "is-path-inside": {
              "version": "1.0.0",
              "bundled": true,
              "dev": true,
              "requires": {
                "path-is-inside": "1.0.2"
              }
            },
            "minimatch": {
              "version": "3.0.4",
              "bundled": true,
              "dev": true,
              "requires": {
                "brace-expansion": "1.1.8"
              }
            },
            "object-assign": {
              "version": "4.1.1",
              "bundled": true,
              "dev": true
            },
            "once": {
              "version": "1.4.0",
              "bundled": true,
              "dev": true,
              "requires": {
                "wrappy": "1.0.2"
              }
            },
            "p-map": {
              "version": "1.2.0",
              "bundled": true,
              "dev": true
            },
            "path-is-absolute": {
              "version": "1.0.1",
              "bundled": true,
              "dev": true
            },
            "path-is-inside": {
              "version": "1.0.2",
              "bundled": true,
              "dev": true
            },
            "pify": {
              "version": "3.0.0",
              "bundled": true,
              "dev": true
            },
            "pinkie": {
              "version": "2.0.4",
              "bundled": true,
              "dev": true
            },
            "pinkie-promise": {
              "version": "2.0.1",
              "bundled": true,
              "dev": true,
              "requires": {
                "pinkie": "2.0.4"
              }
            },
            "rimraf": {
              "version": "2.6.2",
              "bundled": true,
              "dev": true,
              "requires": {
                "glob": "7.1.2"
              }
            },
            "wrappy": {
              "version": "1.0.2",
              "bundled": true,
              "dev": true
            }
          }
        },
        "meow": {
          "version": "3.7.0",
          "bundled": true,
          "dev": true,
          "requires": {
            "camelcase-keys": "2.1.0",
            "decamelize": "1.2.0",
            "loud-rejection": "1.6.0",
            "map-obj": "1.0.1",
            "minimist": "1.2.0",
            "normalize-package-data": "2.4.0",
            "object-assign": "4.1.1",
            "read-pkg-up": "1.0.1",
            "redent": "1.0.0",
            "trim-newlines": "1.0.0"
          },
          "dependencies": {
            "array-find-index": {
              "version": "1.0.2",
              "bundled": true,
              "dev": true
            },
            "builtin-modules": {
              "version": "1.1.1",
              "bundled": true,
              "dev": true
            },
            "camelcase": {
              "version": "2.1.1",
              "bundled": true,
              "dev": true
            },
            "camelcase-keys": {
              "version": "2.1.0",
              "bundled": true,
              "dev": true,
              "requires": {
                "camelcase": "2.1.1",
                "map-obj": "1.0.1"
              }
            },
            "currently-unhandled": {
              "version": "0.4.1",
              "bundled": true,
              "dev": true,
              "requires": {
                "array-find-index": "1.0.2"
              }
            },
            "decamelize": {
              "version": "1.2.0",
              "bundled": true,
              "dev": true
            },
            "error-ex": {
              "version": "1.3.1",
              "bundled": true,
              "dev": true,
              "requires": {
                "is-arrayish": "0.2.1"
              }
            },
            "find-up": {
              "version": "1.1.2",
              "bundled": true,
              "dev": true,
              "requires": {
                "path-exists": "2.1.0",
                "pinkie-promise": "2.0.1"
              }
            },
            "get-stdin": {
              "version": "4.0.1",
              "bundled": true,
              "dev": true
            },
            "graceful-fs": {
              "version": "4.1.11",
              "bundled": true,
              "dev": true
            },
            "hosted-git-info": {
              "version": "2.5.0",
              "bundled": true,
              "dev": true
            },
            "indent-string": {
              "version": "2.1.0",
              "bundled": true,
              "dev": true,
              "requires": {
                "repeating": "2.0.1"
              }
            },
            "is-arrayish": {
              "version": "0.2.1",
              "bundled": true,
              "dev": true
            },
            "is-builtin-module": {
              "version": "1.0.0",
              "bundled": true,
              "dev": true,
              "requires": {
                "builtin-modules": "1.1.1"
              }
            },
            "is-finite": {
              "version": "1.0.2",
              "bundled": true,
              "dev": true,
              "requires": {
                "number-is-nan": "1.0.1"
              }
            },
            "is-utf8": {
              "version": "0.2.1",
              "bundled": true,
              "dev": true
            },
            "load-json-file": {
              "version": "1.1.0",
              "bundled": true,
              "dev": true,
              "requires": {
                "graceful-fs": "4.1.11",
                "parse-json": "2.2.0",
                "pify": "2.3.0",
                "pinkie-promise": "2.0.1",
                "strip-bom": "2.0.0"
              }
            },
            "loud-rejection": {
              "version": "1.6.0",
              "bundled": true,
              "dev": true,
              "requires": {
                "currently-unhandled": "0.4.1",
                "signal-exit": "3.0.2"
              }
            },
            "map-obj": {
              "version": "1.0.1",
              "bundled": true,
              "dev": true
            },
            "minimist": {
              "version": "1.2.0",
              "bundled": true,
              "dev": true
            },
            "normalize-package-data": {
              "version": "2.4.0",
              "bundled": true,
              "dev": true,
              "requires": {
                "hosted-git-info": "2.5.0",
                "is-builtin-module": "1.0.0",
                "semver": "5.4.1",
                "validate-npm-package-license": "3.0.1"
              }
            },
            "number-is-nan": {
              "version": "1.0.1",
              "bundled": true,
              "dev": true
            },
            "object-assign": {
              "version": "4.1.1",
              "bundled": true,
              "dev": true
            },
            "parse-json": {
              "version": "2.2.0",
              "bundled": true,
              "dev": true,
              "requires": {
                "error-ex": "1.3.1"
              }
            },
            "path-exists": {
              "version": "2.1.0",
              "bundled": true,
              "dev": true,
              "requires": {
                "pinkie-promise": "2.0.1"
              }
            },
            "path-type": {
              "version": "1.1.0",
              "bundled": true,
              "dev": true,
              "requires": {
                "graceful-fs": "4.1.11",
                "pify": "2.3.0",
                "pinkie-promise": "2.0.1"
              }
            },
            "pify": {
              "version": "2.3.0",
              "bundled": true,
              "dev": true
            },
            "pinkie": {
              "version": "2.0.4",
              "bundled": true,
              "dev": true
            },
            "pinkie-promise": {
              "version": "2.0.1",
              "bundled": true,
              "dev": true,
              "requires": {
                "pinkie": "2.0.4"
              }
            },
            "read-pkg": {
              "version": "1.1.0",
              "bundled": true,
              "dev": true,
              "requires": {
                "load-json-file": "1.1.0",
                "normalize-package-data": "2.4.0",
                "path-type": "1.1.0"
              }
            },
            "read-pkg-up": {
              "version": "1.0.1",
              "bundled": true,
              "dev": true,
              "requires": {
                "find-up": "1.1.2",
                "read-pkg": "1.1.0"
              }
            },
            "redent": {
              "version": "1.0.0",
              "bundled": true,
              "dev": true,
              "requires": {
                "indent-string": "2.1.0",
                "strip-indent": "1.0.1"
              }
            },
            "repeating": {
              "version": "2.0.1",
              "bundled": true,
              "dev": true,
              "requires": {
                "is-finite": "1.0.2"
              }
            },
            "semver": {
              "version": "5.4.1",
              "bundled": true,
              "dev": true
            },
            "signal-exit": {
              "version": "3.0.2",
              "bundled": true,
              "dev": true
            },
            "spdx-correct": {
              "version": "1.0.2",
              "bundled": true,
              "dev": true,
              "requires": {
                "spdx-license-ids": "1.2.2"
              }
            },
            "spdx-expression-parse": {
              "version": "1.0.4",
              "bundled": true,
              "dev": true
            },
            "spdx-license-ids": {
              "version": "1.2.2",
              "bundled": true,
              "dev": true
            },
            "strip-bom": {
              "version": "2.0.0",
              "bundled": true,
              "dev": true,
              "requires": {
                "is-utf8": "0.2.1"
              }
            },
            "strip-indent": {
              "version": "1.0.1",
              "bundled": true,
              "dev": true,
              "requires": {
                "get-stdin": "4.0.1"
              }
            },
            "trim-newlines": {
              "version": "1.0.0",
              "bundled": true,
              "dev": true
            },
            "validate-npm-package-license": {
              "version": "3.0.1",
              "bundled": true,
              "dev": true,
              "requires": {
                "spdx-correct": "1.0.2",
                "spdx-expression-parse": "1.0.4"
              }
            }
          }
        },
        "update-notifier": {
          "version": "2.2.0",
          "bundled": true,
          "dev": true,
          "requires": {
            "boxen": "1.2.1",
            "chalk": "1.1.3",
            "configstore": "3.1.1",
            "import-lazy": "2.1.0",
            "is-npm": "1.0.0",
            "latest-version": "3.1.0",
            "semver-diff": "2.1.0",
            "xdg-basedir": "3.0.0"
          },
          "dependencies": {
            "ansi-align": {
              "version": "2.0.0",
              "bundled": true,
              "dev": true,
              "requires": {
                "string-width": "2.1.1"
              }
            },
            "ansi-regex": {
              "version": "3.0.0",
              "bundled": true,
              "dev": true
            },
            "ansi-styles": {
              "version": "3.2.0",
              "bundled": true,
              "dev": true,
              "requires": {
                "color-convert": "1.9.0"
              }
            },
            "boxen": {
              "version": "1.2.1",
              "bundled": true,
              "dev": true,
              "requires": {
                "ansi-align": "2.0.0",
                "camelcase": "4.1.0",
                "chalk": "2.1.0",
                "cli-boxes": "1.0.0",
                "string-width": "2.1.1",
                "term-size": "1.2.0",
                "widest-line": "1.0.0"
              },
              "dependencies": {
                "chalk": {
                  "version": "2.1.0",
                  "bundled": true,
                  "dev": true,
                  "requires": {
                    "ansi-styles": "3.2.0",
                    "escape-string-regexp": "1.0.5",
                    "supports-color": "4.4.0"
                  }
                }
              }
            },
            "camelcase": {
              "version": "4.1.0",
              "bundled": true,
              "dev": true
            },
            "capture-stack-trace": {
              "version": "1.0.0",
              "bundled": true,
              "dev": true
            },
            "chalk": {
              "version": "1.1.3",
              "bundled": true,
              "dev": true,
              "requires": {
                "ansi-styles": "2.2.1",
                "escape-string-regexp": "1.0.5",
                "has-ansi": "2.0.0",
                "strip-ansi": "3.0.1",
                "supports-color": "2.0.0"
              },
              "dependencies": {
                "ansi-regex": {
                  "version": "2.1.1",
                  "bundled": true,
                  "dev": true
                },
                "ansi-styles": {
                  "version": "2.2.1",
                  "bundled": true,
                  "dev": true
                },
                "strip-ansi": {
                  "version": "3.0.1",
                  "bundled": true,
                  "dev": true,
                  "requires": {
                    "ansi-regex": "2.1.1"
                  }
                },
                "supports-color": {
                  "version": "2.0.0",
                  "bundled": true,
                  "dev": true
                }
              }
            },
            "cli-boxes": {
              "version": "1.0.0",
              "bundled": true,
              "dev": true
            },
            "code-point-at": {
              "version": "1.1.0",
              "bundled": true,
              "dev": true
            },
            "color-convert": {
              "version": "1.9.0",
              "bundled": true,
              "dev": true,
              "requires": {
                "color-name": "1.1.3"
              }
            },
            "color-name": {
              "version": "1.1.3",
              "bundled": true,
              "dev": true
            },
            "configstore": {
              "version": "3.1.1",
              "bundled": true,
              "dev": true,
              "requires": {
                "dot-prop": "4.2.0",
                "graceful-fs": "4.1.11",
                "make-dir": "1.0.0",
                "unique-string": "1.0.0",
                "write-file-atomic": "2.3.0",
                "xdg-basedir": "3.0.0"
              }
            },
            "create-error-class": {
              "version": "3.0.2",
              "bundled": true,
              "dev": true,
              "requires": {
                "capture-stack-trace": "1.0.0"
              }
            },
            "cross-spawn": {
              "version": "5.1.0",
              "bundled": true,
              "dev": true,
              "requires": {
                "lru-cache": "4.1.1",
                "shebang-command": "1.2.0",
                "which": "1.3.0"
              }
            },
            "crypto-random-string": {
              "version": "1.0.0",
              "bundled": true,
              "dev": true
            },
            "deep-extend": {
              "version": "0.4.2",
              "bundled": true,
              "dev": true
            },
            "dot-prop": {
              "version": "4.2.0",
              "bundled": true,
              "dev": true,
              "requires": {
                "is-obj": "1.0.1"
              }
            },
            "duplexer3": {
              "version": "0.1.4",
              "bundled": true,
              "dev": true
            },
            "escape-string-regexp": {
              "version": "1.0.5",
              "bundled": true,
              "dev": true
            },
            "execa": {
              "version": "0.7.0",
              "bundled": true,
              "dev": true,
              "requires": {
                "cross-spawn": "5.1.0",
                "get-stream": "3.0.0",
                "is-stream": "1.1.0",
                "npm-run-path": "2.0.2",
                "p-finally": "1.0.0",
                "signal-exit": "3.0.2",
                "strip-eof": "1.0.0"
              }
            },
            "get-stream": {
              "version": "3.0.0",
              "bundled": true,
              "dev": true
            },
            "got": {
              "version": "6.7.1",
              "bundled": true,
              "dev": true,
              "requires": {
                "create-error-class": "3.0.2",
                "duplexer3": "0.1.4",
                "get-stream": "3.0.0",
                "is-redirect": "1.0.0",
                "is-retry-allowed": "1.1.0",
                "is-stream": "1.1.0",
                "lowercase-keys": "1.0.0",
                "safe-buffer": "5.1.1",
                "timed-out": "4.0.1",
                "unzip-response": "2.0.1",
                "url-parse-lax": "1.0.0"
              }
            },
            "graceful-fs": {
              "version": "4.1.11",
              "bundled": true,
              "dev": true
            },
            "has-ansi": {
              "version": "2.0.0",
              "bundled": true,
              "dev": true,
              "requires": {
                "ansi-regex": "2.1.1"
              },
              "dependencies": {
                "ansi-regex": {
                  "version": "2.1.1",
                  "bundled": true,
                  "dev": true
                }
              }
            },
            "has-flag": {
              "version": "2.0.0",
              "bundled": true,
              "dev": true
            },
            "import-lazy": {
              "version": "2.1.0",
              "bundled": true,
              "dev": true
            },
            "imurmurhash": {
              "version": "0.1.4",
              "bundled": true,
              "dev": true
            },
            "ini": {
              "version": "1.3.4",
              "bundled": true,
              "dev": true
            },
            "is-fullwidth-code-point": {
              "version": "2.0.0",
              "bundled": true,
              "dev": true
            },
            "is-npm": {
              "version": "1.0.0",
              "bundled": true,
              "dev": true
            },
            "is-obj": {
              "version": "1.0.1",
              "bundled": true,
              "dev": true
            },
            "is-redirect": {
              "version": "1.0.0",
              "bundled": true,
              "dev": true
            },
            "is-retry-allowed": {
              "version": "1.1.0",
              "bundled": true,
              "dev": true
            },
            "is-stream": {
              "version": "1.1.0",
              "bundled": true,
              "dev": true
            },
            "isexe": {
              "version": "2.0.0",
              "bundled": true,
              "dev": true
            },
            "latest-version": {
              "version": "3.1.0",
              "bundled": true,
              "dev": true,
              "requires": {
                "package-json": "4.0.1"
              }
            },
            "lowercase-keys": {
              "version": "1.0.0",
              "bundled": true,
              "dev": true
            },
            "lru-cache": {
              "version": "4.1.1",
              "bundled": true,
              "dev": true,
              "requires": {
                "pseudomap": "1.0.2",
                "yallist": "2.1.2"
              }
            },
            "make-dir": {
              "version": "1.0.0",
              "bundled": true,
              "dev": true,
              "requires": {
                "pify": "2.3.0"
              }
            },
            "minimist": {
              "version": "1.2.0",
              "bundled": true,
              "dev": true
            },
            "npm-run-path": {
              "version": "2.0.2",
              "bundled": true,
              "dev": true,
              "requires": {
                "path-key": "2.0.1"
              }
            },
            "number-is-nan": {
              "version": "1.0.1",
              "bundled": true,
              "dev": true
            },
            "p-finally": {
              "version": "1.0.0",
              "bundled": true,
              "dev": true
            },
            "package-json": {
              "version": "4.0.1",
              "bundled": true,
              "dev": true,
              "requires": {
                "got": "6.7.1",
                "registry-auth-token": "3.3.1",
                "registry-url": "3.1.0",
                "semver": "5.4.1"
              }
            },
            "path-key": {
              "version": "2.0.1",
              "bundled": true,
              "dev": true
            },
            "pify": {
              "version": "2.3.0",
              "bundled": true,
              "dev": true
            },
            "prepend-http": {
              "version": "1.0.4",
              "bundled": true,
              "dev": true
            },
            "pseudomap": {
              "version": "1.0.2",
              "bundled": true,
              "dev": true
            },
            "rc": {
              "version": "1.2.1",
              "bundled": true,
              "dev": true,
              "requires": {
                "deep-extend": "0.4.2",
                "ini": "1.3.4",
                "minimist": "1.2.0",
                "strip-json-comments": "2.0.1"
              }
            },
            "registry-auth-token": {
              "version": "3.3.1",
              "bundled": true,
              "dev": true,
              "requires": {
                "rc": "1.2.1",
                "safe-buffer": "5.1.1"
              }
            },
            "registry-url": {
              "version": "3.1.0",
              "bundled": true,
              "dev": true,
              "requires": {
                "rc": "1.2.1"
              }
            },
            "safe-buffer": {
              "version": "5.1.1",
              "bundled": true,
              "dev": true
            },
            "semver": {
              "version": "5.4.1",
              "bundled": true,
              "dev": true
            },
            "semver-diff": {
              "version": "2.1.0",
              "bundled": true,
              "dev": true,
              "requires": {
                "semver": "5.4.1"
              }
            },
            "shebang-command": {
              "version": "1.2.0",
              "bundled": true,
              "dev": true,
              "requires": {
                "shebang-regex": "1.0.0"
              }
            },
            "shebang-regex": {
              "version": "1.0.0",
              "bundled": true,
              "dev": true
            },
            "signal-exit": {
              "version": "3.0.2",
              "bundled": true,
              "dev": true
            },
            "string-width": {
              "version": "2.1.1",
              "bundled": true,
              "dev": true,
              "requires": {
                "is-fullwidth-code-point": "2.0.0",
                "strip-ansi": "4.0.0"
              }
            },
            "strip-ansi": {
              "version": "4.0.0",
              "bundled": true,
              "dev": true,
              "requires": {
                "ansi-regex": "3.0.0"
              }
            },
            "strip-eof": {
              "version": "1.0.0",
              "bundled": true,
              "dev": true
            },
            "strip-json-comments": {
              "version": "2.0.1",
              "bundled": true,
              "dev": true
            },
            "supports-color": {
              "version": "4.4.0",
              "bundled": true,
              "dev": true,
              "requires": {
                "has-flag": "2.0.0"
              }
            },
            "term-size": {
              "version": "1.2.0",
              "bundled": true,
              "dev": true,
              "requires": {
                "execa": "0.7.0"
              }
            },
            "timed-out": {
              "version": "4.0.1",
              "bundled": true,
              "dev": true
            },
            "unique-string": {
              "version": "1.0.0",
              "bundled": true,
              "dev": true,
              "requires": {
                "crypto-random-string": "1.0.0"
              }
            },
            "unzip-response": {
              "version": "2.0.1",
              "bundled": true,
              "dev": true
            },
            "url-parse-lax": {
              "version": "1.0.0",
              "bundled": true,
              "dev": true,
              "requires": {
                "prepend-http": "1.0.4"
              }
            },
            "which": {
              "version": "1.3.0",
              "bundled": true,
              "dev": true,
              "requires": {
                "isexe": "2.0.0"
              }
            },
            "widest-line": {
              "version": "1.0.0",
              "bundled": true,
              "dev": true,
              "requires": {
                "string-width": "1.0.2"
              },
              "dependencies": {
                "ansi-regex": {
                  "version": "2.1.1",
                  "bundled": true,
                  "dev": true
                },
                "is-fullwidth-code-point": {
                  "version": "1.0.0",
                  "bundled": true,
                  "dev": true,
                  "requires": {
                    "number-is-nan": "1.0.1"
                  }
                },
                "string-width": {
                  "version": "1.0.2",
                  "bundled": true,
                  "dev": true,
                  "requires": {
                    "code-point-at": "1.1.0",
                    "is-fullwidth-code-point": "1.0.0",
                    "strip-ansi": "3.0.1"
                  }
                },
                "strip-ansi": {
                  "version": "3.0.1",
                  "bundled": true,
                  "dev": true,
                  "requires": {
                    "ansi-regex": "2.1.1"
                  }
                }
              }
            },
            "write-file-atomic": {
              "version": "2.3.0",
              "bundled": true,
              "dev": true,
              "requires": {
                "graceful-fs": "4.1.11",
                "imurmurhash": "0.1.4",
                "signal-exit": "3.0.2"
              }
            },
            "xdg-basedir": {
              "version": "3.0.0",
              "bundled": true,
              "dev": true
            },
            "yallist": {
              "version": "2.1.2",
              "bundled": true,
              "dev": true
            }
          }
        }
      }
    },
    "gh-pages": {
      "version": "1.0.0",
      "resolved": "http://registry.npm.taobao.org/gh-pages/download/gh-pages-1.0.0.tgz",
      "dev": true,
      "requires": {
        "async": "2.1.4",
        "base64url": "2.0.0",
        "commander": "2.9.0",
        "fs-extra": "3.0.1",
        "globby": "6.1.0",
        "graceful-fs": "4.1.11",
        "rimraf": "2.6.2"
      },
      "dependencies": {
        "async": {
          "version": "2.1.4",
          "bundled": true,
          "dev": true,
          "requires": {
            "lodash": "4.17.4"
          },
          "dependencies": {
            "lodash": {
              "version": "4.17.4",
              "bundled": true,
              "dev": true
            }
          }
        },
        "base64url": {
          "version": "2.0.0",
          "bundled": true,
          "dev": true
        },
        "commander": {
          "version": "2.9.0",
          "bundled": true,
          "dev": true,
          "requires": {
            "graceful-readlink": "1.0.1"
          },
          "dependencies": {
            "graceful-readlink": {
              "version": "1.0.1",
              "bundled": true,
              "dev": true
            }
          }
        },
        "fs-extra": {
          "version": "3.0.1",
          "bundled": true,
          "dev": true,
          "requires": {
            "graceful-fs": "4.1.11",
            "jsonfile": "3.0.1",
            "universalify": "0.1.1"
          },
          "dependencies": {
            "graceful-fs": {
              "version": "4.1.11",
              "bundled": true,
              "dev": true
            },
            "jsonfile": {
              "version": "3.0.1",
              "bundled": true,
              "dev": true,
              "requires": {
                "graceful-fs": "4.1.11"
              }
            },
            "universalify": {
              "version": "0.1.1",
              "bundled": true,
              "dev": true
            }
          }
        },
        "globby": {
          "version": "6.1.0",
          "bundled": true,
          "dev": true,
          "requires": {
            "array-union": "1.0.2",
            "glob": "7.1.2",
            "object-assign": "4.1.1",
            "pify": "2.3.0",
            "pinkie-promise": "2.0.1"
          },
          "dependencies": {
            "array-union": {
              "version": "1.0.2",
              "bundled": true,
              "dev": true,
              "requires": {
                "array-uniq": "1.0.3"
              }
            },
            "array-uniq": {
              "version": "1.0.3",
              "bundled": true,
              "dev": true
            },
            "balanced-match": {
              "version": "1.0.0",
              "bundled": true,
              "dev": true
            },
            "brace-expansion": {
              "version": "1.1.8",
              "bundled": true,
              "dev": true,
              "requires": {
                "balanced-match": "1.0.0",
                "concat-map": "0.0.1"
              }
            },
            "concat-map": {
              "version": "0.0.1",
              "bundled": true,
              "dev": true
            },
            "fs.realpath": {
              "version": "1.0.0",
              "bundled": true,
              "dev": true
            },
            "glob": {
              "version": "7.1.2",
              "bundled": true,
              "dev": true,
              "requires": {
                "fs.realpath": "1.0.0",
                "inflight": "1.0.6",
                "inherits": "2.0.3",
                "minimatch": "3.0.4",
                "once": "1.4.0",
                "path-is-absolute": "1.0.1"
              }
            },
            "inflight": {
              "version": "1.0.6",
              "bundled": true,
              "dev": true,
              "requires": {
                "once": "1.4.0",
                "wrappy": "1.0.2"
              }
            },
            "inherits": {
              "version": "2.0.3",
              "bundled": true,
              "dev": true
            },
            "minimatch": {
              "version": "3.0.4",
              "bundled": true,
              "dev": true,
              "requires": {
                "brace-expansion": "1.1.8"
              }
            },
            "object-assign": {
              "version": "4.1.1",
              "bundled": true,
              "dev": true
            },
            "once": {
              "version": "1.4.0",
              "bundled": true,
              "dev": true,
              "requires": {
                "wrappy": "1.0.2"
              }
            },
            "path-is-absolute": {
              "version": "1.0.1",
              "bundled": true,
              "dev": true
            },
            "pify": {
              "version": "2.3.0",
              "bundled": true,
              "dev": true
            },
            "pinkie": {
              "version": "2.0.4",
              "bundled": true,
              "dev": true
            },
            "pinkie-promise": {
              "version": "2.0.1",
              "bundled": true,
              "dev": true,
              "requires": {
                "pinkie": "2.0.4"
              }
            },
            "wrappy": {
              "version": "1.0.2",
              "bundled": true,
              "dev": true
            }
          }
        },
        "graceful-fs": {
          "version": "4.1.11",
          "bundled": true,
          "dev": true
        },
        "rimraf": {
          "version": "2.6.2",
          "bundled": true,
          "dev": true,
          "requires": {
            "glob": "7.1.2"
          },
          "dependencies": {
            "brace-expansion": {
              "version": "1.1.8",
              "bundled": true,
              "dev": true,
              "requires": {
                "balanced-match": "1.0.0",
                "concat-map": "0.0.1"
              }
            },
            "concat-map": {
              "version": "0.0.1",
              "bundled": true,
              "dev": true
            },
            "fs.realpath": {
              "version": "1.0.0",
              "bundled": true,
              "dev": true
            },
            "glob": {
              "version": "7.1.2",
              "bundled": true,
              "dev": true,
              "requires": {
                "fs.realpath": "1.0.0",
                "inflight": "1.0.6",
                "inherits": "2.0.3",
                "minimatch": "3.0.4",
                "once": "1.4.0",
                "path-is-absolute": "1.0.1"
              }
            },
            "inflight": {
              "version": "1.0.6",
              "bundled": true,
              "dev": true,
              "requires": {
                "once": "1.4.0",
                "wrappy": "1.0.2"
              }
            },
            "inherits": {
              "version": "2.0.3",
              "bundled": true,
              "dev": true
            },
            "minimatch": {
              "version": "3.0.4",
              "bundled": true,
              "dev": true,
              "requires": {
                "brace-expansion": "1.1.8"
              }
            },
            "once": {
              "version": "1.4.0",
              "bundled": true,
              "dev": true,
              "requires": {
                "wrappy": "1.0.2"
              }
            },
            "path-is-absolute": {
              "version": "1.0.1",
              "bundled": true,
              "dev": true
            },
            "wrappy": {
              "version": "1.0.2",
              "bundled": true,
              "dev": true
            }
          }
        }
      }
    }
  }
}
